
Microsoft Visual Studio Solution File, Format Version 12.00
# Visual Studio Version 16
VisualStudioVersion = 16.0.29905.134
MinimumVisualStudioVersion = 10.0.40219.1
Project("{FAE04EC0-301F-11D3-BF4B-00C04F79EFBC}") = "AliyunECSAutoCreate", "AliyunECSAutoCreate.csproj", "{7FDD97A2-5B7E-4598-94C0-DBBA9B854B1C}"
EndProject
Global
	GlobalSection(SolutionConfigurationPlatforms) = preSolution
		Debug|Any CPU = Debug|Any CPU
		Release|Any CPU = Release|Any CPU
	EndGlobalSection
	GlobalSection(ProjectConfigurationPlatforms) = postSolution
		{7FDD97A2-5B7E-4598-94C0-DBBA9B854B1C}.Debug|Any CPU.ActiveCfg = Debug|Any CPU
		{7FDD97A2-5B7E-4598-94C0-DBBA9B854B1C}.Debug|Any CPU.Build.0 = Debug|Any CPU
		{7FDD97A2-5B7E-4598-94C0-DBBA9B854B1C}.Release|Any CPU.ActiveCfg = Release|Any CPU
		{7FDD97A2-5B7E-4598-94C0-DBBA9B854B1C}.Release|Any CPU.Build.0 = Release|Any CPU
	EndGlobalSection
	GlobalSection(SolutionProperties) = preSolution
		HideSolutionNode = FALSE
	EndGlobalSection
	GlobalSection(ExtensibilityGlobals) = postSolution
		SolutionGuid = {A7C81206-3300-4B01-A3A0-3F43A8495542}
	EndGlobalSection
EndGlobal
